
Microsoft Visual Studio Solution File, Format Version 12.00
# Visual Studio Version 16
VisualStudioVersion = 16.0.30413.136
MinimumVisualStudioVersion = 10.0.40219.1
Project("{FAE04EC0-301F-11D3-BF4B-00C04F79EFBC}") = "GrpcClient", "GrpcClient\GrpcClient.csproj", "{093B7B4C-65CD-4D4F-92D9-3E2C6D524DEF}"
EndProject
Project("{FAE04EC0-301F-11D3-BF4B-00C04F79EFBC}") = "GrpcServer", "GrpcServer\GrpcServer.csproj", "{0F6445A2-36E7-452E-B14D-A7E100A866F6}"
EndProject
Project("{2150E333-8FDC-42A3-9474-1A3956D46DE8}") = "Protos", "Protos", "{597DFAB7-EFDE-4102-B910-11846F985FF6}"
	ProjectSection(SolutionItems) = preProject
		Protos\MarketDataService.proto = Protos\MarketDataService.proto
		Protos\MarketDataService2.proto = Protos\MarketDataService2.proto
	EndProjectSection
EndProject
Project("{9A19103F-16F7-4668-BE54-9A1E7A4F7556}") = "GrpcClient.NetCore", "GrpcClient.NetCore\GrpcClient.NetCore.csproj", "{4FE67AE2-EB97-4086-A381-88F32AC88173}"
EndProject
Project("{9A19103F-16F7-4668-BE54-9A1E7A4F7556}") = "GrpcServer.Core", "GrpcServer.Core\GrpcServer.Core.csproj", "{F5D6603E-B642-406A-97AF-6A9B627AEFDD}"
EndProject
Global
	GlobalSection(SolutionConfigurationPlatforms) = preSolution
		Debug|Any CPU = Debug|Any CPU
		Release|Any CPU = Release|Any CPU
	EndGlobalSection
	GlobalSection(ProjectConfigurationPlatforms) = postSolution
		{093B7B4C-65CD-4D4F-92D9-3E2C6D524DEF}.Debug|Any CPU.ActiveCfg = Debug|Any CPU
		{093B7B4C-65CD-4D4F-92D9-3E2C6D524DEF}.Debug|Any CPU.Build.0 = Debug|Any CPU
		{093B7B4C-65CD-4D4F-92D9-3E2C6D524DEF}.Release|Any CPU.ActiveCfg = Release|Any CPU
		{093B7B4C-65CD-4D4F-92D9-3E2C6D524DEF}.Release|Any CPU.Build.0 = Release|Any CPU
		{0F6445A2-36E7-452E-B14D-A7E100A866F6}.Debug|Any CPU.ActiveCfg = Debug|Any CPU
		{0F6445A2-36E7-452E-B14D-A7E100A866F6}.Debug|Any CPU.Build.0 = Debug|Any CPU
		{0F6445A2-36E7-452E-B14D-A7E100A866F6}.Release|Any CPU.ActiveCfg = Release|Any CPU
		{0F6445A2-36E7-452E-B14D-A7E100A866F6}.Release|Any CPU.Build.0 = Release|Any CPU
		{4FE67AE2-EB97-4086-A381-88F32AC88173}.Debug|Any CPU.ActiveCfg = Debug|Any CPU
		{4FE67AE2-EB97-4086-A381-88F32AC88173}.Debug|Any CPU.Build.0 = Debug|Any CPU
		{4FE67AE2-EB97-4086-A381-88F32AC88173}.Release|Any CPU.ActiveCfg = Release|Any CPU
		{4FE67AE2-EB97-4086-A381-88F32AC88173}.Release|Any CPU.Build.0 = Release|Any CPU
		{F5D6603E-B642-406A-97AF-6A9B627AEFDD}.Debug|Any CPU.ActiveCfg = Debug|Any CPU
		{F5D6603E-B642-406A-97AF-6A9B627AEFDD}.Debug|Any CPU.Build.0 = Debug|Any CPU
		{F5D6603E-B642-406A-97AF-6A9B627AEFDD}.Release|Any CPU.ActiveCfg = Release|Any CPU
		{F5D6603E-B642-406A-97AF-6A9B627AEFDD}.Release|Any CPU.Build.0 = Release|Any CPU
	EndGlobalSection
	GlobalSection(SolutionProperties) = preSolution
		HideSolutionNode = FALSE
	EndGlobalSection
	GlobalSection(ExtensibilityGlobals) = postSolution
		SolutionGuid = {244C9ADE-0953-4363-AE3B-8A0842C0BB48}
	EndGlobalSection
EndGlobal
